
Microsoft Visual Studio Solution File, Format Version 12.00
# Visual Studio Version 17
VisualStudioVersion = 17.5.33502.453
MinimumVisualStudioVersion = 10.0.40219.1
Project("{FAE04EC0-301F-11D3-BF4B-00C04F79EFBC}") = "my-wizard-api-side", "my-wizard-api-side\my-wizard-api-side.csproj", "{885B1ACE-7A44-4409-8634-22884ACE558B}"
EndProject
Global
	GlobalSection(SolutionConfigurationPlatforms) = preSolution
		Debug|Any CPU = Debug|Any CPU
		Release|Any CPU = Release|Any CPU
	EndGlobalSection
	GlobalSection(ProjectConfigurationPlatforms) = postSolution
		{885B1ACE-7A44-4409-8634-22884ACE558B}.Debug|Any CPU.ActiveCfg = Debug|Any CPU
		{885B1ACE-7A44-4409-8634-22884ACE558B}.Debug|Any CPU.Build.0 = Debug|Any CPU
		{885B1ACE-7A44-4409-8634-22884ACE558B}.Release|Any CPU.ActiveCfg = Release|Any CPU
		{885B1ACE-7A44-4409-8634-22884ACE558B}.Release|Any CPU.Build.0 = Release|Any CPU
	EndGlobalSection
	GlobalSection(SolutionProperties) = preSolution
		HideSolutionNode = FALSE
	EndGlobalSection
	GlobalSection(ExtensibilityGlobals) = postSolution
		SolutionGuid = {C97D5E08-5F66-4322-AD74-59BD3FA3ADC4}
	EndGlobalSection
EndGlobal
